
Microsoft Visual Studio Solution File, Format Version 12.00
# Visual Studio 14
VisualStudioVersion = 14.0.25123.0
MinimumVisualStudioVersion = 10.0.40219.1
Project("{FAE04EC0-301F-11D3-BF4B-00C04F79EFBC}") = "SandStorm1-Commander", "SandStorm1-Commander\SandStorm1-Commander.csproj", "{CC694FA4-B5D6-4ACC-8935-C0F74FDF92CF}"
EndProject
Global
	GlobalSection(SolutionConfigurationPlatforms) = preSolution
		Debug|Any CPU = Debug|Any CPU
		Release|Any CPU = Release|Any CPU
	EndGlobalSection
	GlobalSection(ProjectConfigurationPlatforms) = postSolution
		{CC694FA4-B5D6-4ACC-8935-C0F74FDF92CF}.Debug|Any CPU.ActiveCfg = Debug|Any CPU
		{CC694FA4-B5D6-4ACC-8935-C0F74FDF92CF}.Debug|Any CPU.Build.0 = Debug|Any CPU
		{CC694FA4-B5D6-4ACC-8935-C0F74FDF92CF}.Release|Any CPU.ActiveCfg = Release|Any CPU
		{CC694FA4-B5D6-4ACC-8935-C0F74FDF92CF}.Release|Any CPU.Build.0 = Release|Any CPU
	EndGlobalSection
	GlobalSection(SolutionProperties) = preSolution
		HideSolutionNode = FALSE
	EndGlobalSection
EndGlobal
